
Microsoft Visual Studio Solution File, Format Version 12.00
# Visual Studio Version 17
VisualStudioVersion = 17.14.36603.0 d17.14
MinimumVisualStudioVersion = 10.0.40219.1
Project("{FAE04EC0-301F-11D3-BF4B-00C04F79EFBC}") = "Crossword", "Crossword.csproj", "{3E92E921-F242-4AE5-A7F7-B2C03863E946}"
EndProject
Global
	GlobalSection(SolutionConfigurationPlatforms) = preSolution
		Debug|Any CPU = Debug|Any CPU
		Release|Any CPU = Release|Any CPU
	EndGlobalSection
	GlobalSection(ProjectConfigurationPlatforms) = postSolution
		{3E92E921-F242-4AE5-A7F7-B2C03863E946}.Debug|Any CPU.ActiveCfg = Debug|Any CPU
		{3E92E921-F242-4AE5-A7F7-B2C03863E946}.Debug|Any CPU.Build.0 = Debug|Any CPU
		{3E92E921-F242-4AE5-A7F7-B2C03863E946}.Release|Any CPU.ActiveCfg = Release|Any CPU
		{3E92E921-F242-4AE5-A7F7-B2C03863E946}.Release|Any CPU.Build.0 = Release|Any CPU
	EndGlobalSection
	GlobalSection(SolutionProperties) = preSolution
		HideSolutionNode = FALSE
	EndGlobalSection
	GlobalSection(ExtensibilityGlobals) = postSolution
		SolutionGuid = {C85484FD-B800-4E9A-B785-A23EF9ED41BE}
	EndGlobalSection
EndGlobal
